
Microsoft Visual Studio Solution File, Format Version 12.00
# Visual Studio 15
VisualStudioVersion = 15.0.28010.2041
MinimumVisualStudioVersion = 10.0.40219.1
Project("{FAE04EC0-301F-11D3-BF4B-00C04F79EFBC}") = "Orquestrador", "Orquestrador\Orquestrador.csproj", "{DC7F6DA6-C71B-489B-8324-901128BDEF63}"
EndProject
Global
	GlobalSection(SolutionConfigurationPlatforms) = preSolution
		Debug|Any CPU = Debug|Any CPU
		Release|Any CPU = Release|Any CPU
	EndGlobalSection
	GlobalSection(ProjectConfigurationPlatforms) = postSolution
		{DC7F6DA6-C71B-489B-8324-901128BDEF63}.Debug|Any CPU.ActiveCfg = Debug|Any CPU
		{DC7F6DA6-C71B-489B-8324-901128BDEF63}.Debug|Any CPU.Build.0 = Debug|Any CPU
		{DC7F6DA6-C71B-489B-8324-901128BDEF63}.Release|Any CPU.ActiveCfg = Release|Any CPU
		{DC7F6DA6-C71B-489B-8324-901128BDEF63}.Release|Any CPU.Build.0 = Release|Any CPU
	EndGlobalSection
	GlobalSection(SolutionProperties) = preSolution
		HideSolutionNode = FALSE
	EndGlobalSection
	GlobalSection(ExtensibilityGlobals) = postSolution
		SolutionGuid = {778D4557-5981-4074-9C5F-D1281A4E6D86}
	EndGlobalSection
EndGlobal
